
Microsoft Visual Studio Solution File, Format Version 12.00
# Visual Studio Version 17
VisualStudioVersion = 17.0.31903.59
MinimumVisualStudioVersion = 10.0.40219.1
Project("{FAE04EC0-301F-11D3-BF4B-00C04F79EFBC}") = "Sender", "Sender\Sender.csproj", "{CCC36528-675E-4E6C-8030-5F229B54E33B}"
EndProject
Project("{FAE04EC0-301F-11D3-BF4B-00C04F79EFBC}") = "Receiver", "Receiver\Receiver.csproj", "{A1F043B8-83ED-45C0-8709-DFB29D46856C}"
EndProject
Project("{FAE04EC0-301F-11D3-BF4B-00C04F79EFBC}") = "WebFrontend", "WebFrontend\WebFrontend.csproj", "{35ACC2F5-A958-447E-94FE-78D282000642}"
EndProject
Project("{FAE04EC0-301F-11D3-BF4B-00C04F79EFBC}") = "AspireHost", "AspireHost\AspireHost.csproj", "{4D881231-03E1-48A9-A70E-C12EFEF29E18}"
EndProject
Global
	GlobalSection(SolutionConfigurationPlatforms) = preSolution
		Debug|Any CPU = Debug|Any CPU
		Release|Any CPU = Release|Any CPU
	EndGlobalSection
	GlobalSection(SolutionProperties) = preSolution
		HideSolutionNode = FALSE
	EndGlobalSection
	GlobalSection(ProjectConfigurationPlatforms) = postSolution
		{CCC36528-675E-4E6C-8030-5F229B54E33B}.Debug|Any CPU.ActiveCfg = Debug|Any CPU
		{CCC36528-675E-4E6C-8030-5F229B54E33B}.Debug|Any CPU.Build.0 = Debug|Any CPU
		{CCC36528-675E-4E6C-8030-5F229B54E33B}.Release|Any CPU.ActiveCfg = Release|Any CPU
		{CCC36528-675E-4E6C-8030-5F229B54E33B}.Release|Any CPU.Build.0 = Release|Any CPU
		{A1F043B8-83ED-45C0-8709-DFB29D46856C}.Debug|Any CPU.ActiveCfg = Debug|Any CPU
		{A1F043B8-83ED-45C0-8709-DFB29D46856C}.Debug|Any CPU.Build.0 = Debug|Any CPU
		{A1F043B8-83ED-45C0-8709-DFB29D46856C}.Release|Any CPU.ActiveCfg = Release|Any CPU
		{A1F043B8-83ED-45C0-8709-DFB29D46856C}.Release|Any CPU.Build.0 = Release|Any CPU
		{35ACC2F5-A958-447E-94FE-78D282000642}.Debug|Any CPU.ActiveCfg = Debug|Any CPU
		{35ACC2F5-A958-447E-94FE-78D282000642}.Debug|Any CPU.Build.0 = Debug|Any CPU
		{35ACC2F5-A958-447E-94FE-78D282000642}.Release|Any CPU.ActiveCfg = Release|Any CPU
		{35ACC2F5-A958-447E-94FE-78D282000642}.Release|Any CPU.Build.0 = Release|Any CPU
		{4D881231-03E1-48A9-A70E-C12EFEF29E18}.Debug|Any CPU.ActiveCfg = Debug|Any CPU
		{4D881231-03E1-48A9-A70E-C12EFEF29E18}.Debug|Any CPU.Build.0 = Debug|Any CPU
		{4D881231-03E1-48A9-A70E-C12EFEF29E18}.Release|Any CPU.ActiveCfg = Release|Any CPU
		{4D881231-03E1-48A9-A70E-C12EFEF29E18}.Release|Any CPU.Build.0 = Release|Any CPU
	EndGlobalSection
EndGlobal
