
Microsoft Visual Studio Solution File, Format Version 12.00
# Visual Studio Version 17
VisualStudioVersion = 17.0.31903.59
MinimumVisualStudioVersion = 10.0.40219.1
Project("{FAE04EC0-301F-11D3-BF4B-00C04F79EFBC}") = "BlazorApp", "BlazorApp\BlazorApp.csproj", "{D120649D-2906-09DD-7896-0626A755FFF4}"
EndProject
Project("{FAE04EC0-301F-11D3-BF4B-00C04F79EFBC}") = "AspireDemo.AppHost", "AspireDemo.AppHost\AspireDemo.AppHost.csproj", "{276436E7-9624-4994-83BC-46E563BB4FDB}"
EndProject
Project("{FAE04EC0-301F-11D3-BF4B-00C04F79EFBC}") = "AspireDemo.ServiceDefaults", "AspireDemo.ServiceDefaults\AspireDemo.ServiceDefaults.csproj", "{3790E586-043D-8337-B74A-5144E691611D}"
EndProject
Global
	GlobalSection(SolutionConfigurationPlatforms) = preSolution
		Debug|Any CPU = Debug|Any CPU
		Release|Any CPU = Release|Any CPU
	EndGlobalSection
	GlobalSection(ProjectConfigurationPlatforms) = postSolution
		{D120649D-2906-09DD-7896-0626A755FFF4}.Debug|Any CPU.ActiveCfg = Debug|Any CPU
		{D120649D-2906-09DD-7896-0626A755FFF4}.Debug|Any CPU.Build.0 = Debug|Any CPU
		{D120649D-2906-09DD-7896-0626A755FFF4}.Release|Any CPU.ActiveCfg = Release|Any CPU
		{D120649D-2906-09DD-7896-0626A755FFF4}.Release|Any CPU.Build.0 = Release|Any CPU
		{276436E7-9624-4994-83BC-46E563BB4FDB}.Debug|Any CPU.ActiveCfg = Debug|Any CPU
		{276436E7-9624-4994-83BC-46E563BB4FDB}.Debug|Any CPU.Build.0 = Debug|Any CPU
		{276436E7-9624-4994-83BC-46E563BB4FDB}.Release|Any CPU.ActiveCfg = Release|Any CPU
		{276436E7-9624-4994-83BC-46E563BB4FDB}.Release|Any CPU.Build.0 = Release|Any CPU
		{3790E586-043D-8337-B74A-5144E691611D}.Debug|Any CPU.ActiveCfg = Debug|Any CPU
		{3790E586-043D-8337-B74A-5144E691611D}.Debug|Any CPU.Build.0 = Debug|Any CPU
		{3790E586-043D-8337-B74A-5144E691611D}.Release|Any CPU.ActiveCfg = Release|Any CPU
		{3790E586-043D-8337-B74A-5144E691611D}.Release|Any CPU.Build.0 = Release|Any CPU
	EndGlobalSection
	GlobalSection(SolutionProperties) = preSolution
		HideSolutionNode = FALSE
	EndGlobalSection
	GlobalSection(ExtensibilityGlobals) = postSolution
		SolutionGuid = {D9E61300-3033-4CF4-AB53-A6114A82EDA8}
	EndGlobalSection
EndGlobal
