
Microsoft Visual Studio Solution File, Format Version 12.00
# Visual Studio Version 17
VisualStudioVersion = 17.0.31903.59
MinimumVisualStudioVersion = 10.0.40219.1
Project("{FAE04EC0-301F-11D3-BF4B-00C04F79EFBC}") = "BlazorApp", "BlazorApp\BlazorApp.csproj", "{D120649D-2906-09DD-7896-0626A755FFF4}"
EndProject
Project("{FAE04EC0-301F-11D3-BF4B-00C04F79EFBC}") = "AspireDemo.AppHost", "AspireDemo.AppHost\AspireDemo.AppHost.csproj", "{1F34727A-9752-4224-B6E3-3F6B65E0BDE8}"
EndProject
Project("{FAE04EC0-301F-11D3-BF4B-00C04F79EFBC}") = "AspireDemo.ServiceDefaults", "AspireDemo.ServiceDefaults\AspireDemo.ServiceDefaults.csproj", "{3790E586-043D-8337-B74A-5144E691611D}"
EndProject
Project("{FAE04EC0-301F-11D3-BF4B-00C04F79EFBC}") = "BlazorAppUiTest", "BlazorAppUiTest\BlazorAppUiTest.csproj", "{89BF6955-E100-4C5D-AF74-B9C7C5A416EB}"
EndProject
Global
	GlobalSection(SolutionConfigurationPlatforms) = preSolution
		Debug|Any CPU = Debug|Any CPU
		Release|Any CPU = Release|Any CPU
	EndGlobalSection
	GlobalSection(ProjectConfigurationPlatforms) = postSolution
		{D120649D-2906-09DD-7896-0626A755FFF4}.Debug|Any CPU.ActiveCfg = Debug|Any CPU
		{D120649D-2906-09DD-7896-0626A755FFF4}.Debug|Any CPU.Build.0 = Debug|Any CPU
		{D120649D-2906-09DD-7896-0626A755FFF4}.Release|Any CPU.ActiveCfg = Release|Any CPU
		{D120649D-2906-09DD-7896-0626A755FFF4}.Release|Any CPU.Build.0 = Release|Any CPU
		{1F34727A-9752-4224-B6E3-3F6B65E0BDE8}.Debug|Any CPU.ActiveCfg = Debug|Any CPU
		{1F34727A-9752-4224-B6E3-3F6B65E0BDE8}.Debug|Any CPU.Build.0 = Debug|Any CPU
		{1F34727A-9752-4224-B6E3-3F6B65E0BDE8}.Release|Any CPU.ActiveCfg = Release|Any CPU
		{1F34727A-9752-4224-B6E3-3F6B65E0BDE8}.Release|Any CPU.Build.0 = Release|Any CPU
		{3790E586-043D-8337-B74A-5144E691611D}.Debug|Any CPU.ActiveCfg = Debug|Any CPU
		{3790E586-043D-8337-B74A-5144E691611D}.Debug|Any CPU.Build.0 = Debug|Any CPU
		{3790E586-043D-8337-B74A-5144E691611D}.Release|Any CPU.ActiveCfg = Release|Any CPU
		{3790E586-043D-8337-B74A-5144E691611D}.Release|Any CPU.Build.0 = Release|Any CPU
		{89BF6955-E100-4C5D-AF74-B9C7C5A416EB}.Debug|Any CPU.ActiveCfg = Debug|Any CPU
		{89BF6955-E100-4C5D-AF74-B9C7C5A416EB}.Debug|Any CPU.Build.0 = Debug|Any CPU
		{89BF6955-E100-4C5D-AF74-B9C7C5A416EB}.Release|Any CPU.ActiveCfg = Release|Any CPU
		{89BF6955-E100-4C5D-AF74-B9C7C5A416EB}.Release|Any CPU.Build.0 = Release|Any CPU
	EndGlobalSection
	GlobalSection(SolutionProperties) = preSolution
		HideSolutionNode = FALSE
	EndGlobalSection
	GlobalSection(ExtensibilityGlobals) = postSolution
		SolutionGuid = {D9E61300-3033-4CF4-AB53-A6114A82EDA8}
	EndGlobalSection
EndGlobal
